
Microsoft Visual Studio Solution File, Format Version 12.00
# Visual Studio Version 17
VisualStudioVersion = 17.1.32421.90
MinimumVisualStudioVersion = 10.0.40219.1
Project("{9A19103F-16F7-4668-BE54-9A1E7A4F7556}") = "BlazorEcommerce.Server", "BlazorEcommerce\Server\BlazorEcommerce.Server.csproj", "{02F72BC1-FCF0-4051-BF6A-182A9D486B5D}"
EndProject
Project("{9A19103F-16F7-4668-BE54-9A1E7A4F7556}") = "BlazorEcommerce.Client", "BlazorEcommerce\Client\BlazorEcommerce.Client.csproj", "{53FCF437-1DDB-4D8A-BA15-98501FB01A85}"
EndProject
Project("{9A19103F-16F7-4668-BE54-9A1E7A4F7556}") = "BlazorEcommerce.Shared", "BlazorEcommerce\Shared\BlazorEcommerce.Shared.csproj", "{2B7B45A7-7E8C-4C93-B88E-E058D4297C11}"
EndProject
Global
	GlobalSection(SolutionConfigurationPlatforms) = preSolution
		Debug|Any CPU = Debug|Any CPU
		Release|Any CPU = Release|Any CPU
	EndGlobalSection
	GlobalSection(ProjectConfigurationPlatforms) = postSolution
		{02F72BC1-FCF0-4051-BF6A-182A9D486B5D}.Debug|Any CPU.ActiveCfg = Debug|Any CPU
		{02F72BC1-FCF0-4051-BF6A-182A9D486B5D}.Debug|Any CPU.Build.0 = Debug|Any CPU
		{02F72BC1-FCF0-4051-BF6A-182A9D486B5D}.Release|Any CPU.ActiveCfg = Release|Any CPU
		{02F72BC1-FCF0-4051-BF6A-182A9D486B5D}.Release|Any CPU.Build.0 = Release|Any CPU
		{53FCF437-1DDB-4D8A-BA15-98501FB01A85}.Debug|Any CPU.ActiveCfg = Debug|Any CPU
		{53FCF437-1DDB-4D8A-BA15-98501FB01A85}.Debug|Any CPU.Build.0 = Debug|Any CPU
		{53FCF437-1DDB-4D8A-BA15-98501FB01A85}.Release|Any CPU.ActiveCfg = Release|Any CPU
		{53FCF437-1DDB-4D8A-BA15-98501FB01A85}.Release|Any CPU.Build.0 = Release|Any CPU
		{2B7B45A7-7E8C-4C93-B88E-E058D4297C11}.Debug|Any CPU.ActiveCfg = Debug|Any CPU
		{2B7B45A7-7E8C-4C93-B88E-E058D4297C11}.Debug|Any CPU.Build.0 = Debug|Any CPU
		{2B7B45A7-7E8C-4C93-B88E-E058D4297C11}.Release|Any CPU.ActiveCfg = Release|Any CPU
		{2B7B45A7-7E8C-4C93-B88E-E058D4297C11}.Release|Any CPU.Build.0 = Release|Any CPU
	EndGlobalSection
	GlobalSection(SolutionProperties) = preSolution
		HideSolutionNode = FALSE
	EndGlobalSection
	GlobalSection(ExtensibilityGlobals) = postSolution
		SolutionGuid = {9B9707DF-5E43-441D-8352-0B7537EC4F4F}
	EndGlobalSection
EndGlobal
